# =============================================================================
# Konami System 573 - Quartus project (MiSTer / DE10-Nano, Cyclone V).
#
# Build (Quartus 17.0.2; see docs/DEPENDENCIES.md for the Colima/Docker recipe):
#   tools/apply_psx_patches.sh            # apply the psx/ EXP1 widening first
#   quartus_sh --flow compile Konami_System_573
#
# `sys/sys.tcl` (MiSTer framework) sets FAMILY/DEVICE, pulls sys.qip (which makes
# `sys_top` the real top and adds sys_top.sdc), and wires the PRE_FLOW build_id +
# the .sof->.rbf POST step. rtl/emu.sv (a clone of psx/PSX.sv with the 573 EXP1
# deltas) is the `emu` that sys_top instantiates.
# =============================================================================

set_global_assignment -name TOP_LEVEL_ENTITY sys_top
set_global_assignment -name ORIGINAL_QUARTUS_VERSION 17.0.2
set_global_assignment -name PROJECT_OUTPUT_DIRECTORY output_files

# Emit the MiSTer-loadable .rbf during assembly (upstream PSX.qsf sets this; the
# qsf bypasses sys/sys.tcl's post-flow, so wire the .rbf generation here instead).
set_global_assignment -name GENERATE_RBF_FILE ON

# The vendored PSX core is VHDL-2008 (psx_patches/0003 uses the 2008 `maximum()`);
# upstream sets this in psx/PSX.qsf. Required or the VHDL core won't analyze.
set_global_assignment -name VHDL_INPUT_VERSION VHDL_2008

# PSX_MiSTer needs the DDR3 framebuffer path (sys_top gates FB_* on this).
set_global_assignment -name VERILOG_MACRO "MISTER_FB=1"
# 2: builds now run on the native dell box (i5-7500, 4 cores/4 threads, 14 GB RAM) --
# the Mac/Colima 11 GB VM that forced serial synthesis (6 workers OOM'd quartus_map) is
# gone. Under the hub's cap-2 build semaphore, 2 builds x 2 = 4 cores (full, no
# oversubscription); RAM-safe (A&S workers + Fitter peak ~4.6 GB << 14 GB). This only
# speeds Analysis & Synthesis + multi-corner timing (~6 min of ~38); the Fitter place &
# route -- the ~30 min / ~80% bottleneck -- is single-threaded regardless of this value.
# See docs/PHASE4_HARDWARE.md and memory dell-build-box (build-time levers).
set_global_assignment -name NUM_PARALLEL_PROCESSORS 2

# Core RTL (573 fabric + emu.sv + the nested psx/rtl PSX core qips).
set_global_assignment -name QIP_FILE files.qip
set_global_assignment -name SEARCH_PATH rtl

# MiSTer framework: use the PSX core's OWN sys (psx/sys), NOT the repo's sys/.
# emu.sv is a clone of psx/PSX.sv, which targets the (older) Template version in
# psx/sys -- the repo's newer sys/ packs HPS_BUS differently (no fb_en/sl), which
# fails to elaborate against emu.sv. psx/sys/sys.qip is qip-path-relative so it
# resolves its own files correctly (the sys HDL + sys_top.sdc), and it provides
# pll_q17 (= the `pll` PSX.sv instantiates). Device assignments are identical
# between the two sys.tcl files.
set_global_assignment -name FAMILY "Cyclone V"
set_global_assignment -name DEVICE 5CSEBA6U23I7
set_global_assignment -name DEVICE_FILTER_PACKAGE UFBGA
set_global_assignment -name DEVICE_FILTER_PIN_COUNT 672
set_global_assignment -name DEVICE_FILTER_SPEED_GRADE 7
set_global_assignment -name PRE_FLOW_SCRIPT_FILE "quartus_sh:psx/sys/build_id.tcl"
set_global_assignment -name QIP_FILE psx/sys/sys.qip

# Board PIN assignments. CRITICAL: sys.qip carries the framework HDL + SDC but NO
# pin locations -- those live in psx/sys/sys.tcl + sys_analog.tcl, which upstream
# psx/PSX.qsf `source`s but we can't (their relative file-refs resolve wrong from
# our root and would re-pull the incompatible repo sys/). sys_pins.tcl is the pin
# locations only, extracted from those two files. Without it every board pin
# (SDRAM, HDMI, VGA, ...) auto-places to an arbitrary ball -> SDRAM dead (BIOS
# can't run) and VGA on wrong pins (CRT can't lock). See sys_pins.tcl header.
source sys_pins.tcl

# Timing constraints for the PSX core's video PLL. CRITICAL: psx/PSX.sdc is the
# ONLY place the pll2 -> clk_vid divide-by-5 create_generated_clock and the cross-
# PLL false-paths (pll<->pll2, FPGA_CLK<->pll2, pll_hdmi<->pll2, h2f<-pll2) live.
# sys.qip only brings sys_top.sdc (no pll2/clk_vid). Without PSX.sdc those video
# pixel-clock domain crossings are unconstrained and STA reports large negative
# slack on the core clocks (clk_1x cannot even close to its ~33.8 MHz) -- i.e.
# "0 A&S errors" but a TIMING-FAILED bitstream that misbehaves on silicon. The
# instance paths (emu|pll2|..., emu|pll|..., pll_hdmi|..., sysmem|...) match our
# sys_top->emu hierarchy (emu.sv is the PSX.sv clone). Read AFTER sys_top.sdc.
set_global_assignment -name SDC_FILE psx/PSX.sdc

set_global_assignment -name LAST_QUARTUS_VERSION "17.0.2 Lite Edition"# =============================================================================
# atapi_irq.qsf.snippet -- QSF additions for the ATAPI completion-IRQ probe.
# GENERATED by atapi_irq_stp.tcl from the SAME node list as atapi_irq.stp
# (single-sourced -> the .stp watch list and these preserves cannot drift).
# Append to Konami_System_573.qsf on the dbg branch; then RUNBOOK 1b SLD
# expansion (quartus_stp ... --enable). NO WILDCARDS. All nodes are regs.
# =============================================================================
set_global_assignment -name ENABLE_SIGNALTAP ON
set_instance_assignment -name PRESERVE_REGISTER ON -to "emu:emu|system573_top:u_s573|atapi:u_atapi|irq_event"
set_instance_assignment -name PRESERVE_REGISTER ON -to "emu:emu|system573_top:u_s573|atapi:u_atapi|irq_out"
set_instance_assignment -name PRESERVE_REGISTER ON -to "emu:emu|system573_top:u_s573|atapi:u_atapi|irq_pending"
set_instance_assignment -name PRESERVE_REGISTER ON -to "emu:emu|system573_top:u_s573|atapi:u_atapi|state[0]"
set_instance_assignment -name PRESERVE_REGISTER ON -to "emu:emu|system573_top:u_s573|atapi:u_atapi|state[1]"
set_instance_assignment -name PRESERVE_REGISTER ON -to "emu:emu|system573_top:u_s573|atapi:u_atapi|state[2]"
set_instance_assignment -name PRESERVE_REGISTER ON -to "emu:emu|system573_top:u_s573|atapi:u_atapi|r_status[0]"
set_instance_assignment -name PRESERVE_REGISTER ON -to "emu:emu|system573_top:u_s573|atapi:u_atapi|r_status[1]"
set_instance_assignment -name PRESERVE_REGISTER ON -to "emu:emu|system573_top:u_s573|atapi:u_atapi|r_status[2]"
set_instance_assignment -name PRESERVE_REGISTER ON -to "emu:emu|system573_top:u_s573|atapi:u_atapi|r_status[3]"
set_instance_assignment -name PRESERVE_REGISTER ON -to "emu:emu|system573_top:u_s573|atapi:u_atapi|r_status[4]"
set_instance_assignment -name PRESERVE_REGISTER ON -to "emu:emu|system573_top:u_s573|atapi:u_atapi|r_status[5]"
set_instance_assignment -name PRESERVE_REGISTER ON -to "emu:emu|system573_top:u_s573|atapi:u_atapi|r_status[6]"
set_instance_assignment -name PRESERVE_REGISTER ON -to "emu:emu|system573_top:u_s573|atapi:u_atapi|r_status[7]"
set_instance_assignment -name PRESERVE_REGISTER ON -to "emu:emu|system573_top:u_s573|atapi:u_atapi|r_ireason[0]"
set_instance_assignment -name PRESERVE_REGISTER ON -to "emu:emu|system573_top:u_s573|atapi:u_atapi|r_ireason[1]"
set_instance_assignment -name PRESERVE_REGISTER ON -to "emu:emu|system573_top:u_s573|atapi:u_atapi|r_ireason[2]"
set_instance_assignment -name PRESERVE_REGISTER ON -to "emu:emu|system573_top:u_s573|atapi:u_atapi|r_ireason[3]"
set_instance_assignment -name PRESERVE_REGISTER ON -to "emu:emu|system573_top:u_s573|atapi:u_atapi|r_ireason[4]"
set_instance_assignment -name PRESERVE_REGISTER ON -to "emu:emu|system573_top:u_s573|atapi:u_atapi|r_ireason[5]"
set_instance_assignment -name PRESERVE_REGISTER ON -to "emu:emu|system573_top:u_s573|atapi:u_atapi|r_ireason[6]"
set_instance_assignment -name PRESERVE_REGISTER ON -to "emu:emu|system573_top:u_s573|atapi:u_atapi|r_ireason[7]"
set_instance_assignment -name PRESERVE_REGISTER ON -to "emu:emu|system573_top:u_s573|atapi:u_atapi|r_devctl[0]"
set_instance_assignment -name PRESERVE_REGISTER ON -to "emu:emu|system573_top:u_s573|atapi:u_atapi|r_devctl[1]"
set_instance_assignment -name PRESERVE_REGISTER ON -to "emu:emu|system573_top:u_s573|atapi:u_atapi|r_devctl[2]"
set_instance_assignment -name PRESERVE_REGISTER ON -to "emu:emu|system573_top:u_s573|atapi:u_atapi|r_devctl[3]"
set_instance_assignment -name PRESERVE_REGISTER ON -to "emu:emu|system573_top:u_s573|atapi:u_atapi|r_devctl[4]"
set_instance_assignment -name PRESERVE_REGISTER ON -to "emu:emu|system573_top:u_s573|atapi:u_atapi|r_devctl[5]"
set_instance_assignment -name PRESERVE_REGISTER ON -to "emu:emu|system573_top:u_s573|atapi:u_atapi|r_devctl[6]"
set_instance_assignment -name PRESERVE_REGISTER ON -to "emu:emu|system573_top:u_s573|atapi:u_atapi|r_devctl[7]"
set_instance_assignment -name PRESERVE_REGISTER ON -to "emu:emu|system573_top:u_s573|atapi:u_atapi|pkt_idx[0]"
set_instance_assignment -name PRESERVE_REGISTER ON -to "emu:emu|system573_top:u_s573|atapi:u_atapi|pkt_idx[1]"
set_instance_assignment -name PRESERVE_REGISTER ON -to "emu:emu|system573_top:u_s573|atapi:u_atapi|pkt_idx[2]"
set_instance_assignment -name PRESERVE_REGISTER ON -to "emu:emu|system573_top:u_s573|atapi:u_atapi|pkt_idx[3]"
set_instance_assignment -name PRESERVE_REGISTER ON -to "emu:emu|system573_top:u_s573|atapi:u_atapi|pkt_idx[4]"
set_instance_assignment -name PRESERVE_REGISTER ON -to "emu:emu|system573_top:u_s573|atapi:u_atapi|pkt_idx[5]"
set_instance_assignment -name PRESERVE_REGISTER ON -to "emu:emu|system573_top:u_s573|atapi:u_atapi|pkt_idx[6]"
set_instance_assignment -name PRESERVE_REGISTER ON -to "emu:emu|psx_mister:psx|psx_top:ipsx_top|irq:iirq|I_STATUS[0]"
set_instance_assignment -name PRESERVE_REGISTER ON -to "emu:emu|psx_mister:psx|psx_top:ipsx_top|irq:iirq|I_STATUS[1]"
set_instance_assignment -name PRESERVE_REGISTER ON -to "emu:emu|psx_mister:psx|psx_top:ipsx_top|irq:iirq|I_STATUS[2]"
set_instance_assignment -name PRESERVE_REGISTER ON -to "emu:emu|psx_mister:psx|psx_top:ipsx_top|irq:iirq|I_STATUS[3]"
set_instance_assignment -name PRESERVE_REGISTER ON -to "emu:emu|psx_mister:psx|psx_top:ipsx_top|irq:iirq|I_STATUS[4]"
set_instance_assignment -name PRESERVE_REGISTER ON -to "emu:emu|psx_mister:psx|psx_top:ipsx_top|irq:iirq|I_STATUS[5]"
set_instance_assignment -name PRESERVE_REGISTER ON -to "emu:emu|psx_mister:psx|psx_top:ipsx_top|irq:iirq|I_STATUS[6]"
set_instance_assignment -name PRESERVE_REGISTER ON -to "emu:emu|psx_mister:psx|psx_top:ipsx_top|irq:iirq|I_STATUS[7]"
set_instance_assignment -name PRESERVE_REGISTER ON -to "emu:emu|psx_mister:psx|psx_top:ipsx_top|irq:iirq|I_STATUS[8]"
set_instance_assignment -name PRESERVE_REGISTER ON -to "emu:emu|psx_mister:psx|psx_top:ipsx_top|irq:iirq|I_STATUS[9]"
set_instance_assignment -name PRESERVE_REGISTER ON -to "emu:emu|psx_mister:psx|psx_top:ipsx_top|irq:iirq|I_STATUS[10]"
set_instance_assignment -name PRESERVE_REGISTER ON -to "emu:emu|psx_mister:psx|psx_top:ipsx_top|irq:iirq|I_MASK[0]"
set_instance_assignment -name PRESERVE_REGISTER ON -to "emu:emu|psx_mister:psx|psx_top:ipsx_top|irq:iirq|I_MASK[1]"
set_instance_assignment -name PRESERVE_REGISTER ON -to "emu:emu|psx_mister:psx|psx_top:ipsx_top|irq:iirq|I_MASK[2]"
set_instance_assignment -name PRESERVE_REGISTER ON -to "emu:emu|psx_mister:psx|psx_top:ipsx_top|irq:iirq|I_MASK[3]"
set_instance_assignment -name PRESERVE_REGISTER ON -to "emu:emu|psx_mister:psx|psx_top:ipsx_top|irq:iirq|I_MASK[4]"
set_instance_assignment -name PRESERVE_REGISTER ON -to "emu:emu|psx_mister:psx|psx_top:ipsx_top|irq:iirq|I_MASK[5]"
set_instance_assignment -name PRESERVE_REGISTER ON -to "emu:emu|psx_mister:psx|psx_top:ipsx_top|irq:iirq|I_MASK[6]"
set_instance_assignment -name PRESERVE_REGISTER ON -to "emu:emu|psx_mister:psx|psx_top:ipsx_top|irq:iirq|I_MASK[7]"
set_instance_assignment -name PRESERVE_REGISTER ON -to "emu:emu|psx_mister:psx|psx_top:ipsx_top|irq:iirq|I_MASK[8]"
set_instance_assignment -name PRESERVE_REGISTER ON -to "emu:emu|psx_mister:psx|psx_top:ipsx_top|irq:iirq|I_MASK[9]"
set_instance_assignment -name PRESERVE_REGISTER ON -to "emu:emu|psx_mister:psx|psx_top:ipsx_top|irq:iirq|I_MASK[10]"
set_instance_assignment -name PRESERVE_REGISTER ON -to "emu:emu|psx_mister:psx|psx_top:ipsx_top|irq:iirq|irqIn_1[10]"
set_instance_assignment -name PRESERVE_REGISTER ON -to "emu:emu|psx_mister:psx|psx_top:ipsx_top|ce"
set_instance_assignment -name PRESERVE_REGISTER ON -to "emu:emu|psx_mister:psx|psx_top:ipsx_top|cpu:icpu|exception[0]"
set_instance_assignment -name PRESERVE_REGISTER ON -to "emu:emu|psx_mister:psx|psx_top:ipsx_top|cpu:icpu|exception[1]"
set_instance_assignment -name PRESERVE_REGISTER ON -to "emu:emu|psx_mister:psx|psx_top:ipsx_top|cpu:icpu|exception[2]"
set_instance_assignment -name PRESERVE_REGISTER ON -to "emu:emu|psx_mister:psx|psx_top:ipsx_top|cpu:icpu|exception[3]"
set_instance_assignment -name PRESERVE_REGISTER ON -to "emu:emu|psx_mister:psx|psx_top:ipsx_top|cpu:icpu|exception[4]"
set_global_assignment -name ENABLE_LOGIC_ANALYZER_INTERFACE ON

set_global_assignment -name USE_SIGNALTAP_FILE tools/signaltap_573/atapi_irq.stp
set_global_assignment -name SLD_NODE_CREATOR_ID 110 -section_id auto_signaltap_0
set_global_assignment -name SLD_NODE_ENTITY_NAME sld_signaltap -section_id auto_signaltap_0
set_instance_assignment -name CONNECT_TO_SLD_NODE_ENTITY_PORT acq_clk -to "emu:emu|pll:pll|pll_0002:pll_inst|altera_pll:altera_pll_i|outclk_wire[1]" -section_id auto_signaltap_0
set_instance_assignment -name CONNECT_TO_SLD_NODE_ENTITY_PORT acq_trigger_in[0] -to "emu:emu|system573_top:u_s573|atapi:u_atapi|irq_event" -section_id auto_signaltap_0
set_instance_assignment -name CONNECT_TO_SLD_NODE_ENTITY_PORT acq_trigger_in[1] -to "emu:emu|system573_top:u_s573|atapi:u_atapi|irq_out" -section_id auto_signaltap_0
set_instance_assignment -name CONNECT_TO_SLD_NODE_ENTITY_PORT acq_trigger_in[2] -to "emu:emu|system573_top:u_s573|atapi:u_atapi|irq_pending" -section_id auto_signaltap_0
set_instance_assignment -name CONNECT_TO_SLD_NODE_ENTITY_PORT acq_trigger_in[3] -to "emu:emu|system573_top:u_s573|atapi:u_atapi|state[0]" -section_id auto_signaltap_0
set_instance_assignment -name CONNECT_TO_SLD_NODE_ENTITY_PORT acq_trigger_in[4] -to "emu:emu|system573_top:u_s573|atapi:u_atapi|state[1]" -section_id auto_signaltap_0
set_instance_assignment -name CONNECT_TO_SLD_NODE_ENTITY_PORT acq_trigger_in[5] -to "emu:emu|system573_top:u_s573|atapi:u_atapi|state[2]" -section_id auto_signaltap_0
set_instance_assignment -name CONNECT_TO_SLD_NODE_ENTITY_PORT acq_trigger_in[6] -to "emu:emu|system573_top:u_s573|atapi:u_atapi|r_status[0]" -section_id auto_signaltap_0
set_instance_assignment -name CONNECT_TO_SLD_NODE_ENTITY_PORT acq_trigger_in[7] -to "emu:emu|system573_top:u_s573|atapi:u_atapi|r_status[1]" -section_id auto_signaltap_0
set_instance_assignment -name CONNECT_TO_SLD_NODE_ENTITY_PORT acq_trigger_in[8] -to "emu:emu|system573_top:u_s573|atapi:u_atapi|r_status[2]" -section_id auto_signaltap_0
set_instance_assignment -name CONNECT_TO_SLD_NODE_ENTITY_PORT acq_trigger_in[9] -to "emu:emu|system573_top:u_s573|atapi:u_atapi|r_status[3]" -section_id auto_signaltap_0
set_instance_assignment -name CONNECT_TO_SLD_NODE_ENTITY_PORT acq_trigger_in[10] -to "emu:emu|system573_top:u_s573|atapi:u_atapi|r_status[4]" -section_id auto_signaltap_0
set_instance_assignment -name CONNECT_TO_SLD_NODE_ENTITY_PORT acq_trigger_in[11] -to "emu:emu|system573_top:u_s573|atapi:u_atapi|r_status[5]" -section_id auto_signaltap_0
set_instance_assignment -name CONNECT_TO_SLD_NODE_ENTITY_PORT acq_trigger_in[12] -to "emu:emu|system573_top:u_s573|atapi:u_atapi|r_status[6]" -section_id auto_signaltap_0
set_instance_assignment -name CONNECT_TO_SLD_NODE_ENTITY_PORT acq_trigger_in[13] -to "emu:emu|system573_top:u_s573|atapi:u_atapi|r_status[7]" -section_id auto_signaltap_0
set_instance_assignment -name CONNECT_TO_SLD_NODE_ENTITY_PORT acq_trigger_in[14] -to "emu:emu|system573_top:u_s573|atapi:u_atapi|r_ireason[0]" -section_id auto_signaltap_0
set_instance_assignment -name CONNECT_TO_SLD_NODE_ENTITY_PORT acq_trigger_in[15] -to "emu:emu|system573_top:u_s573|atapi:u_atapi|r_ireason[1]" -section_id auto_signaltap_0
set_instance_assignment -name CONNECT_TO_SLD_NODE_ENTITY_PORT acq_trigger_in[16] -to "emu:emu|system573_top:u_s573|atapi:u_atapi|r_ireason[2]" -section_id auto_signaltap_0
set_instance_assignment -name CONNECT_TO_SLD_NODE_ENTITY_PORT acq_trigger_in[17] -to "emu:emu|system573_top:u_s573|atapi:u_atapi|r_ireason[3]" -section_id auto_signaltap_0
set_instance_assignment -name CONNECT_TO_SLD_NODE_ENTITY_PORT acq_trigger_in[18] -to "emu:emu|system573_top:u_s573|atapi:u_atapi|r_ireason[4]" -section_id auto_signaltap_0
set_instance_assignment -name CONNECT_TO_SLD_NODE_ENTITY_PORT acq_trigger_in[19] -to "emu:emu|system573_top:u_s573|atapi:u_atapi|r_ireason[5]" -section_id auto_signaltap_0
set_instance_assignment -name CONNECT_TO_SLD_NODE_ENTITY_PORT acq_trigger_in[20] -to "emu:emu|system573_top:u_s573|atapi:u_atapi|r_ireason[6]" -section_id auto_signaltap_0
set_instance_assignment -name CONNECT_TO_SLD_NODE_ENTITY_PORT acq_trigger_in[21] -to "emu:emu|system573_top:u_s573|atapi:u_atapi|r_ireason[7]" -section_id auto_signaltap_0
set_instance_assignment -name CONNECT_TO_SLD_NODE_ENTITY_PORT acq_trigger_in[22] -to "emu:emu|system573_top:u_s573|atapi:u_atapi|r_devctl[0]" -section_id auto_signaltap_0
set_instance_assignment -name CONNECT_TO_SLD_NODE_ENTITY_PORT acq_trigger_in[23] -to "emu:emu|system573_top:u_s573|atapi:u_atapi|r_devctl[1]" -section_id auto_signaltap_0
set_instance_assignment -name CONNECT_TO_SLD_NODE_ENTITY_PORT acq_trigger_in[24] -to "emu:emu|system573_top:u_s573|atapi:u_atapi|r_devctl[2]" -section_id auto_signaltap_0
set_instance_assignment -name CONNECT_TO_SLD_NODE_ENTITY_PORT acq_trigger_in[25] -to "emu:emu|system573_top:u_s573|atapi:u_atapi|r_devctl[3]" -section_id auto_signaltap_0
set_instance_assignment -name CONNECT_TO_SLD_NODE_ENTITY_PORT acq_trigger_in[26] -to "emu:emu|system573_top:u_s573|atapi:u_atapi|r_devctl[4]" -section_id auto_signaltap_0
set_instance_assignment -name CONNECT_TO_SLD_NODE_ENTITY_PORT acq_trigger_in[27] -to "emu:emu|system573_top:u_s573|atapi:u_atapi|r_devctl[5]" -section_id auto_signaltap_0
set_instance_assignment -name CONNECT_TO_SLD_NODE_ENTITY_PORT acq_trigger_in[28] -to "emu:emu|system573_top:u_s573|atapi:u_atapi|r_devctl[6]" -section_id auto_signaltap_0
set_instance_assignment -name CONNECT_TO_SLD_NODE_ENTITY_PORT acq_trigger_in[29] -to "emu:emu|system573_top:u_s573|atapi:u_atapi|r_devctl[7]" -section_id auto_signaltap_0
set_instance_assignment -name CONNECT_TO_SLD_NODE_ENTITY_PORT acq_trigger_in[30] -to "emu:emu|system573_top:u_s573|atapi:u_atapi|pkt_idx[0]" -section_id auto_signaltap_0
set_instance_assignment -name CONNECT_TO_SLD_NODE_ENTITY_PORT acq_trigger_in[31] -to "emu:emu|system573_top:u_s573|atapi:u_atapi|pkt_idx[1]" -section_id auto_signaltap_0
set_instance_assignment -name CONNECT_TO_SLD_NODE_ENTITY_PORT acq_trigger_in[32] -to "emu:emu|system573_top:u_s573|atapi:u_atapi|pkt_idx[2]" -section_id auto_signaltap_0
set_instance_assignment -name CONNECT_TO_SLD_NODE_ENTITY_PORT acq_trigger_in[33] -to "emu:emu|system573_top:u_s573|atapi:u_atapi|pkt_idx[3]" -section_id auto_signaltap_0
set_instance_assignment -name CONNECT_TO_SLD_NODE_ENTITY_PORT acq_trigger_in[34] -to "emu:emu|system573_top:u_s573|atapi:u_atapi|pkt_idx[4]" -section_id auto_signaltap_0
set_instance_assignment -name CONNECT_TO_SLD_NODE_ENTITY_PORT acq_trigger_in[35] -to "emu:emu|system573_top:u_s573|atapi:u_atapi|pkt_idx[5]" -section_id auto_signaltap_0
set_instance_assignment -name CONNECT_TO_SLD_NODE_ENTITY_PORT acq_trigger_in[36] -to "emu:emu|system573_top:u_s573|atapi:u_atapi|pkt_idx[6]" -section_id auto_signaltap_0
set_instance_assignment -name CONNECT_TO_SLD_NODE_ENTITY_PORT acq_trigger_in[37] -to "emu:emu|psx_mister:psx|psx_top:ipsx_top|irq:iirq|I_STATUS[0]" -section_id auto_signaltap_0
set_instance_assignment -name CONNECT_TO_SLD_NODE_ENTITY_PORT acq_trigger_in[38] -to "emu:emu|psx_mister:psx|psx_top:ipsx_top|irq:iirq|I_STATUS[1]" -section_id auto_signaltap_0
set_instance_assignment -name CONNECT_TO_SLD_NODE_ENTITY_PORT acq_trigger_in[39] -to "emu:emu|psx_mister:psx|psx_top:ipsx_top|irq:iirq|I_STATUS[2]" -section_id auto_signaltap_0
set_instance_assignment -name CONNECT_TO_SLD_NODE_ENTITY_PORT acq_trigger_in[40] -to "emu:emu|psx_mister:psx|psx_top:ipsx_top|irq:iirq|I_STATUS[3]" -section_id auto_signaltap_0
set_instance_assignment -name CONNECT_TO_SLD_NODE_ENTITY_PORT acq_trigger_in[41] -to "emu:emu|psx_mister:psx|psx_top:ipsx_top|irq:iirq|I_STATUS[4]" -section_id auto_signaltap_0
set_instance_assignment -name CONNECT_TO_SLD_NODE_ENTITY_PORT acq_trigger_in[42] -to "emu:emu|psx_mister:psx|psx_top:ipsx_top|irq:iirq|I_STATUS[5]" -section_id auto_signaltap_0
set_instance_assignment -name CONNECT_TO_SLD_NODE_ENTITY_PORT acq_trigger_in[43] -to "emu:emu|psx_mister:psx|psx_top:ipsx_top|irq:iirq|I_STATUS[6]" -section_id auto_signaltap_0
set_instance_assignment -name CONNECT_TO_SLD_NODE_ENTITY_PORT acq_trigger_in[44] -to "emu:emu|psx_mister:psx|psx_top:ipsx_top|irq:iirq|I_STATUS[7]" -section_id auto_signaltap_0
set_instance_assignment -name CONNECT_TO_SLD_NODE_ENTITY_PORT acq_trigger_in[45] -to "emu:emu|psx_mister:psx|psx_top:ipsx_top|irq:iirq|I_STATUS[8]" -section_id auto_signaltap_0
set_instance_assignment -name CONNECT_TO_SLD_NODE_ENTITY_PORT acq_trigger_in[46] -to "emu:emu|psx_mister:psx|psx_top:ipsx_top|irq:iirq|I_STATUS[9]" -section_id auto_signaltap_0
set_instance_assignment -name CONNECT_TO_SLD_NODE_ENTITY_PORT acq_trigger_in[47] -to "emu:emu|psx_mister:psx|psx_top:ipsx_top|irq:iirq|I_STATUS[10]" -section_id auto_signaltap_0
set_instance_assignment -name CONNECT_TO_SLD_NODE_ENTITY_PORT acq_trigger_in[48] -to "emu:emu|psx_mister:psx|psx_top:ipsx_top|irq:iirq|I_MASK[0]" -section_id auto_signaltap_0
set_instance_assignment -name CONNECT_TO_SLD_NODE_ENTITY_PORT acq_trigger_in[49] -to "emu:emu|psx_mister:psx|psx_top:ipsx_top|irq:iirq|I_MASK[1]" -section_id auto_signaltap_0
set_instance_assignment -name CONNECT_TO_SLD_NODE_ENTITY_PORT acq_trigger_in[50] -to "emu:emu|psx_mister:psx|psx_top:ipsx_top|irq:iirq|I_MASK[2]" -section_id auto_signaltap_0
set_instance_assignment -name CONNECT_TO_SLD_NODE_ENTITY_PORT acq_trigger_in[51] -to "emu:emu|psx_mister:psx|psx_top:ipsx_top|irq:iirq|I_MASK[3]" -section_id auto_signaltap_0
set_instance_assignment -name CONNECT_TO_SLD_NODE_ENTITY_PORT acq_trigger_in[52] -to "emu:emu|psx_mister:psx|psx_top:ipsx_top|irq:iirq|I_MASK[4]" -section_id auto_signaltap_0
set_instance_assignment -name CONNECT_TO_SLD_NODE_ENTITY_PORT acq_trigger_in[53] -to "emu:emu|psx_mister:psx|psx_top:ipsx_top|irq:iirq|I_MASK[5]" -section_id auto_signaltap_0
set_instance_assignment -name CONNECT_TO_SLD_NODE_ENTITY_PORT acq_trigger_in[54] -to "emu:emu|psx_mister:psx|psx_top:ipsx_top|irq:iirq|I_MASK[6]" -section_id auto_signaltap_0
set_instance_assignment -name CONNECT_TO_SLD_NODE_ENTITY_PORT acq_trigger_in[55] -to "emu:emu|psx_mister:psx|psx_top:ipsx_top|irq:iirq|I_MASK[7]" -section_id auto_signaltap_0
set_instance_assignment -name CONNECT_TO_SLD_NODE_ENTITY_PORT acq_trigger_in[56] -to "emu:emu|psx_mister:psx|psx_top:ipsx_top|irq:iirq|I_MASK[8]" -section_id auto_signaltap_0
set_instance_assignment -name CONNECT_TO_SLD_NODE_ENTITY_PORT acq_trigger_in[57] -to "emu:emu|psx_mister:psx|psx_top:ipsx_top|irq:iirq|I_MASK[9]" -section_id auto_signaltap_0
set_instance_assignment -name CONNECT_TO_SLD_NODE_ENTITY_PORT acq_trigger_in[58] -to "emu:emu|psx_mister:psx|psx_top:ipsx_top|irq:iirq|I_MASK[10]" -section_id auto_signaltap_0
set_instance_assignment -name CONNECT_TO_SLD_NODE_ENTITY_PORT acq_trigger_in[59] -to "emu:emu|psx_mister:psx|psx_top:ipsx_top|irq:iirq|irqIn_1[10]" -section_id auto_signaltap_0
set_instance_assignment -name CONNECT_TO_SLD_NODE_ENTITY_PORT acq_trigger_in[60] -to "emu:emu|psx_mister:psx|psx_top:ipsx_top|ce" -section_id auto_signaltap_0
set_instance_assignment -name CONNECT_TO_SLD_NODE_ENTITY_PORT acq_trigger_in[61] -to "emu:emu|psx_mister:psx|psx_top:ipsx_top|cpu:icpu|exception[0]" -section_id auto_signaltap_0
set_instance_assignment -name CONNECT_TO_SLD_NODE_ENTITY_PORT acq_trigger_in[62] -to "emu:emu|psx_mister:psx|psx_top:ipsx_top|cpu:icpu|exception[1]" -section_id auto_signaltap_0
set_instance_assignment -name CONNECT_TO_SLD_NODE_ENTITY_PORT acq_trigger_in[63] -to "emu:emu|psx_mister:psx|psx_top:ipsx_top|cpu:icpu|exception[2]" -section_id auto_signaltap_0
set_instance_assignment -name CONNECT_TO_SLD_NODE_ENTITY_PORT acq_trigger_in[64] -to "emu:emu|psx_mister:psx|psx_top:ipsx_top|cpu:icpu|exception[3]" -section_id auto_signaltap_0
set_instance_assignment -name CONNECT_TO_SLD_NODE_ENTITY_PORT acq_trigger_in[65] -to "emu:emu|psx_mister:psx|psx_top:ipsx_top|cpu:icpu|exception[4]" -section_id auto_signaltap_0
set_instance_assignment -name CONNECT_TO_SLD_NODE_ENTITY_PORT acq_data_in[0] -to "emu:emu|system573_top:u_s573|atapi:u_atapi|irq_event" -section_id auto_signaltap_0
set_instance_assignment -name CONNECT_TO_SLD_NODE_ENTITY_PORT acq_data_in[1] -to "emu:emu|system573_top:u_s573|atapi:u_atapi|irq_out" -section_id auto_signaltap_0
set_instance_assignment -name CONNECT_TO_SLD_NODE_ENTITY_PORT acq_data_in[2] -to "emu:emu|system573_top:u_s573|atapi:u_atapi|irq_pending" -section_id auto_signaltap_0
set_instance_assignment -name CONNECT_TO_SLD_NODE_ENTITY_PORT acq_data_in[3] -to "emu:emu|system573_top:u_s573|atapi:u_atapi|state[0]" -section_id auto_signaltap_0
set_instance_assignment -name CONNECT_TO_SLD_NODE_ENTITY_PORT acq_data_in[4] -to "emu:emu|system573_top:u_s573|atapi:u_atapi|state[1]" -section_id auto_signaltap_0
set_instance_assignment -name CONNECT_TO_SLD_NODE_ENTITY_PORT acq_data_in[5] -to "emu:emu|system573_top:u_s573|atapi:u_atapi|state[2]" -section_id auto_signaltap_0
set_instance_assignment -name CONNECT_TO_SLD_NODE_ENTITY_PORT acq_data_in[6] -to "emu:emu|system573_top:u_s573|atapi:u_atapi|r_status[0]" -section_id auto_signaltap_0
set_instance_assignment -name CONNECT_TO_SLD_NODE_ENTITY_PORT acq_data_in[7] -to "emu:emu|system573_top:u_s573|atapi:u_atapi|r_status[1]" -section_id auto_signaltap_0
set_instance_assignment -name CONNECT_TO_SLD_NODE_ENTITY_PORT acq_data_in[8] -to "emu:emu|system573_top:u_s573|atapi:u_atapi|r_status[2]" -section_id auto_signaltap_0
set_instance_assignment -name CONNECT_TO_SLD_NODE_ENTITY_PORT acq_data_in[9] -to "emu:emu|system573_top:u_s573|atapi:u_atapi|r_status[3]" -section_id auto_signaltap_0
set_instance_assignment -name CONNECT_TO_SLD_NODE_ENTITY_PORT acq_data_in[10] -to "emu:emu|system573_top:u_s573|atapi:u_atapi|r_status[4]" -section_id auto_signaltap_0
set_instance_assignment -name CONNECT_TO_SLD_NODE_ENTITY_PORT acq_data_in[11] -to "emu:emu|system573_top:u_s573|atapi:u_atapi|r_status[5]" -section_id auto_signaltap_0
set_instance_assignment -name CONNECT_TO_SLD_NODE_ENTITY_PORT acq_data_in[12] -to "emu:emu|system573_top:u_s573|atapi:u_atapi|r_status[6]" -section_id auto_signaltap_0
set_instance_assignment -name CONNECT_TO_SLD_NODE_ENTITY_PORT acq_data_in[13] -to "emu:emu|system573_top:u_s573|atapi:u_atapi|r_status[7]" -section_id auto_signaltap_0
set_instance_assignment -name CONNECT_TO_SLD_NODE_ENTITY_PORT acq_data_in[14] -to "emu:emu|system573_top:u_s573|atapi:u_atapi|r_ireason[0]" -section_id auto_signaltap_0
set_instance_assignment -name CONNECT_TO_SLD_NODE_ENTITY_PORT acq_data_in[15] -to "emu:emu|system573_top:u_s573|atapi:u_atapi|r_ireason[1]" -section_id auto_signaltap_0
set_instance_assignment -name CONNECT_TO_SLD_NODE_ENTITY_PORT acq_data_in[16] -to "emu:emu|system573_top:u_s573|atapi:u_atapi|r_ireason[2]" -section_id auto_signaltap_0
set_instance_assignment -name CONNECT_TO_SLD_NODE_ENTITY_PORT acq_data_in[17] -to "emu:emu|system573_top:u_s573|atapi:u_atapi|r_ireason[3]" -section_id auto_signaltap_0
set_instance_assignment -name CONNECT_TO_SLD_NODE_ENTITY_PORT acq_data_in[18] -to "emu:emu|system573_top:u_s573|atapi:u_atapi|r_ireason[4]" -section_id auto_signaltap_0
set_instance_assignment -name CONNECT_TO_SLD_NODE_ENTITY_PORT acq_data_in[19] -to "emu:emu|system573_top:u_s573|atapi:u_atapi|r_ireason[5]" -section_id auto_signaltap_0
set_instance_assignment -name CONNECT_TO_SLD_NODE_ENTITY_PORT acq_data_in[20] -to "emu:emu|system573_top:u_s573|atapi:u_atapi|r_ireason[6]" -section_id auto_signaltap_0
set_instance_assignment -name CONNECT_TO_SLD_NODE_ENTITY_PORT acq_data_in[21] -to "emu:emu|system573_top:u_s573|atapi:u_atapi|r_ireason[7]" -section_id auto_signaltap_0
set_instance_assignment -name CONNECT_TO_SLD_NODE_ENTITY_PORT acq_data_in[22] -to "emu:emu|system573_top:u_s573|atapi:u_atapi|r_devctl[0]" -section_id auto_signaltap_0
set_instance_assignment -name CONNECT_TO_SLD_NODE_ENTITY_PORT acq_data_in[23] -to "emu:emu|system573_top:u_s573|atapi:u_atapi|r_devctl[1]" -section_id auto_signaltap_0
set_instance_assignment -name CONNECT_TO_SLD_NODE_ENTITY_PORT acq_data_in[24] -to "emu:emu|system573_top:u_s573|atapi:u_atapi|r_devctl[2]" -section_id auto_signaltap_0
set_instance_assignment -name CONNECT_TO_SLD_NODE_ENTITY_PORT acq_data_in[25] -to "emu:emu|system573_top:u_s573|atapi:u_atapi|r_devctl[3]" -section_id auto_signaltap_0
set_instance_assignment -name CONNECT_TO_SLD_NODE_ENTITY_PORT acq_data_in[26] -to "emu:emu|system573_top:u_s573|atapi:u_atapi|r_devctl[4]" -section_id auto_signaltap_0
set_instance_assignment -name CONNECT_TO_SLD_NODE_ENTITY_PORT acq_data_in[27] -to "emu:emu|system573_top:u_s573|atapi:u_atapi|r_devctl[5]" -section_id auto_signaltap_0
set_instance_assignment -name CONNECT_TO_SLD_NODE_ENTITY_PORT acq_data_in[28] -to "emu:emu|system573_top:u_s573|atapi:u_atapi|r_devctl[6]" -section_id auto_signaltap_0
set_instance_assignment -name CONNECT_TO_SLD_NODE_ENTITY_PORT acq_data_in[29] -to "emu:emu|system573_top:u_s573|atapi:u_atapi|r_devctl[7]" -section_id auto_signaltap_0
set_instance_assignment -name CONNECT_TO_SLD_NODE_ENTITY_PORT acq_data_in[30] -to "emu:emu|system573_top:u_s573|atapi:u_atapi|pkt_idx[0]" -section_id auto_signaltap_0
set_instance_assignment -name CONNECT_TO_SLD_NODE_ENTITY_PORT acq_data_in[31] -to "emu:emu|system573_top:u_s573|atapi:u_atapi|pkt_idx[1]" -section_id auto_signaltap_0
set_instance_assignment -name CONNECT_TO_SLD_NODE_ENTITY_PORT acq_data_in[32] -to "emu:emu|system573_top:u_s573|atapi:u_atapi|pkt_idx[2]" -section_id auto_signaltap_0
set_instance_assignment -name CONNECT_TO_SLD_NODE_ENTITY_PORT acq_data_in[33] -to "emu:emu|system573_top:u_s573|atapi:u_atapi|pkt_idx[3]" -section_id auto_signaltap_0
set_instance_assignment -name CONNECT_TO_SLD_NODE_ENTITY_PORT acq_data_in[34] -to "emu:emu|system573_top:u_s573|atapi:u_atapi|pkt_idx[4]" -section_id auto_signaltap_0
set_instance_assignment -name CONNECT_TO_SLD_NODE_ENTITY_PORT acq_data_in[35] -to "emu:emu|system573_top:u_s573|atapi:u_atapi|pkt_idx[5]" -section_id auto_signaltap_0
set_instance_assignment -name CONNECT_TO_SLD_NODE_ENTITY_PORT acq_data_in[36] -to "emu:emu|system573_top:u_s573|atapi:u_atapi|pkt_idx[6]" -section_id auto_signaltap_0
set_instance_assignment -name CONNECT_TO_SLD_NODE_ENTITY_PORT acq_data_in[37] -to "emu:emu|psx_mister:psx|psx_top:ipsx_top|irq:iirq|I_STATUS[0]" -section_id auto_signaltap_0
set_instance_assignment -name CONNECT_TO_SLD_NODE_ENTITY_PORT acq_data_in[38] -to "emu:emu|psx_mister:psx|psx_top:ipsx_top|irq:iirq|I_STATUS[1]" -section_id auto_signaltap_0
set_instance_assignment -name CONNECT_TO_SLD_NODE_ENTITY_PORT acq_data_in[39] -to "emu:emu|psx_mister:psx|psx_top:ipsx_top|irq:iirq|I_STATUS[2]" -section_id auto_signaltap_0
set_instance_assignment -name CONNECT_TO_SLD_NODE_ENTITY_PORT acq_data_in[40] -to "emu:emu|psx_mister:psx|psx_top:ipsx_top|irq:iirq|I_STATUS[3]" -section_id auto_signaltap_0
set_instance_assignment -name CONNECT_TO_SLD_NODE_ENTITY_PORT acq_data_in[41] -to "emu:emu|psx_mister:psx|psx_top:ipsx_top|irq:iirq|I_STATUS[4]" -section_id auto_signaltap_0
set_instance_assignment -name CONNECT_TO_SLD_NODE_ENTITY_PORT acq_data_in[42] -to "emu:emu|psx_mister:psx|psx_top:ipsx_top|irq:iirq|I_STATUS[5]" -section_id auto_signaltap_0
set_instance_assignment -name CONNECT_TO_SLD_NODE_ENTITY_PORT acq_data_in[43] -to "emu:emu|psx_mister:psx|psx_top:ipsx_top|irq:iirq|I_STATUS[6]" -section_id auto_signaltap_0
set_instance_assignment -name CONNECT_TO_SLD_NODE_ENTITY_PORT acq_data_in[44] -to "emu:emu|psx_mister:psx|psx_top:ipsx_top|irq:iirq|I_STATUS[7]" -section_id auto_signaltap_0
set_instance_assignment -name CONNECT_TO_SLD_NODE_ENTITY_PORT acq_data_in[45] -to "emu:emu|psx_mister:psx|psx_top:ipsx_top|irq:iirq|I_STATUS[8]" -section_id auto_signaltap_0
set_instance_assignment -name CONNECT_TO_SLD_NODE_ENTITY_PORT acq_data_in[46] -to "emu:emu|psx_mister:psx|psx_top:ipsx_top|irq:iirq|I_STATUS[9]" -section_id auto_signaltap_0
set_instance_assignment -name CONNECT_TO_SLD_NODE_ENTITY_PORT acq_data_in[47] -to "emu:emu|psx_mister:psx|psx_top:ipsx_top|irq:iirq|I_STATUS[10]" -section_id auto_signaltap_0
set_instance_assignment -name CONNECT_TO_SLD_NODE_ENTITY_PORT acq_data_in[48] -to "emu:emu|psx_mister:psx|psx_top:ipsx_top|irq:iirq|I_MASK[0]" -section_id auto_signaltap_0
set_instance_assignment -name CONNECT_TO_SLD_NODE_ENTITY_PORT acq_data_in[49] -to "emu:emu|psx_mister:psx|psx_top:ipsx_top|irq:iirq|I_MASK[1]" -section_id auto_signaltap_0
set_instance_assignment -name CONNECT_TO_SLD_NODE_ENTITY_PORT acq_data_in[50] -to "emu:emu|psx_mister:psx|psx_top:ipsx_top|irq:iirq|I_MASK[2]" -section_id auto_signaltap_0
set_instance_assignment -name CONNECT_TO_SLD_NODE_ENTITY_PORT acq_data_in[51] -to "emu:emu|psx_mister:psx|psx_top:ipsx_top|irq:iirq|I_MASK[3]" -section_id auto_signaltap_0
set_instance_assignment -name CONNECT_TO_SLD_NODE_ENTITY_PORT acq_data_in[52] -to "emu:emu|psx_mister:psx|psx_top:ipsx_top|irq:iirq|I_MASK[4]" -section_id auto_signaltap_0
set_instance_assignment -name CONNECT_TO_SLD_NODE_ENTITY_PORT acq_data_in[53] -to "emu:emu|psx_mister:psx|psx_top:ipsx_top|irq:iirq|I_MASK[5]" -section_id auto_signaltap_0
set_instance_assignment -name CONNECT_TO_SLD_NODE_ENTITY_PORT acq_data_in[54] -to "emu:emu|psx_mister:psx|psx_top:ipsx_top|irq:iirq|I_MASK[6]" -section_id auto_signaltap_0
set_instance_assignment -name CONNECT_TO_SLD_NODE_ENTITY_PORT acq_data_in[55] -to "emu:emu|psx_mister:psx|psx_top:ipsx_top|irq:iirq|I_MASK[7]" -section_id auto_signaltap_0
set_instance_assignment -name CONNECT_TO_SLD_NODE_ENTITY_PORT acq_data_in[56] -to "emu:emu|psx_mister:psx|psx_top:ipsx_top|irq:iirq|I_MASK[8]" -section_id auto_signaltap_0
set_instance_assignment -name CONNECT_TO_SLD_NODE_ENTITY_PORT acq_data_in[57] -to "emu:emu|psx_mister:psx|psx_top:ipsx_top|irq:iirq|I_MASK[9]" -section_id auto_signaltap_0
set_instance_assignment -name CONNECT_TO_SLD_NODE_ENTITY_PORT acq_data_in[58] -to "emu:emu|psx_mister:psx|psx_top:ipsx_top|irq:iirq|I_MASK[10]" -section_id auto_signaltap_0
set_instance_assignment -name CONNECT_TO_SLD_NODE_ENTITY_PORT acq_data_in[59] -to "emu:emu|psx_mister:psx|psx_top:ipsx_top|irq:iirq|irqIn_1[10]" -section_id auto_signaltap_0
set_instance_assignment -name CONNECT_TO_SLD_NODE_ENTITY_PORT acq_data_in[60] -to "emu:emu|psx_mister:psx|psx_top:ipsx_top|ce" -section_id auto_signaltap_0
set_instance_assignment -name CONNECT_TO_SLD_NODE_ENTITY_PORT acq_data_in[61] -to "emu:emu|psx_mister:psx|psx_top:ipsx_top|cpu:icpu|exception[0]" -section_id auto_signaltap_0
set_instance_assignment -name CONNECT_TO_SLD_NODE_ENTITY_PORT acq_data_in[62] -to "emu:emu|psx_mister:psx|psx_top:ipsx_top|cpu:icpu|exception[1]" -section_id auto_signaltap_0
set_instance_assignment -name CONNECT_TO_SLD_NODE_ENTITY_PORT acq_data_in[63] -to "emu:emu|psx_mister:psx|psx_top:ipsx_top|cpu:icpu|exception[2]" -section_id auto_signaltap_0
set_instance_assignment -name CONNECT_TO_SLD_NODE_ENTITY_PORT acq_data_in[64] -to "emu:emu|psx_mister:psx|psx_top:ipsx_top|cpu:icpu|exception[3]" -section_id auto_signaltap_0
set_instance_assignment -name CONNECT_TO_SLD_NODE_ENTITY_PORT acq_data_in[65] -to "emu:emu|psx_mister:psx|psx_top:ipsx_top|cpu:icpu|exception[4]" -section_id auto_signaltap_0
set_instance_assignment -name CONNECT_TO_SLD_NODE_ENTITY_PORT acq_storage_qualifier_in[0] -to "emu:emu|psx_mister:psx|psx_top:ipsx_top|ce" -section_id auto_signaltap_0
set_global_assignment -name SLD_NODE_PARAMETER_ASSIGNMENT "SLD_RAM_BLOCK_TYPE=AUTO" -section_id auto_signaltap_0
set_global_assignment -name SLD_NODE_PARAMETER_ASSIGNMENT "SLD_DATA_BITS=66" -section_id auto_signaltap_0
set_global_assignment -name SLD_NODE_PARAMETER_ASSIGNMENT "SLD_TRIGGER_BITS=66" -section_id auto_signaltap_0
set_global_assignment -name SLD_NODE_PARAMETER_ASSIGNMENT "SLD_STORAGE_QUALIFIER_BITS=1" -section_id auto_signaltap_0
set_global_assignment -name SLD_NODE_PARAMETER_ASSIGNMENT "SLD_NODE_INFO=805334528" -section_id auto_signaltap_0
set_global_assignment -name SLD_NODE_PARAMETER_ASSIGNMENT "SLD_POWER_UP_TRIGGER=0" -section_id auto_signaltap_0
set_global_assignment -name SLD_NODE_PARAMETER_ASSIGNMENT "SLD_INVERSION_MASK=0000000000000000000000000000000000000000000000000000000000000000000000000000000000000000000000000000000000000000000000000000000000000000000000000000000000000000000000000000000000000000000000000000000000000000000000000000000000000" -section_id auto_signaltap_0
set_global_assignment -name SLD_NODE_PARAMETER_ASSIGNMENT "SLD_INVERSION_MASK_LENGTH=229" -section_id auto_signaltap_0
set_global_assignment -name SLD_NODE_PARAMETER_ASSIGNMENT "SLD_STORAGE_QUALIFIER_INVERSION_MASK_LENGTH=4" -section_id auto_signaltap_0
set_global_assignment -name SLD_NODE_PARAMETER_ASSIGNMENT "SLD_SEGMENT_SIZE=8192" -section_id auto_signaltap_0
set_global_assignment -name SLD_NODE_PARAMETER_ASSIGNMENT "SLD_ATTRIBUTE_MEM_MODE=OFF" -section_id auto_signaltap_0
set_global_assignment -name SLD_NODE_PARAMETER_ASSIGNMENT "SLD_STATE_FLOW_USE_GENERATED=0" -section_id auto_signaltap_0
set_global_assignment -name SLD_NODE_PARAMETER_ASSIGNMENT "SLD_STATE_BITS=11" -section_id auto_signaltap_0
set_global_assignment -name SLD_NODE_PARAMETER_ASSIGNMENT "SLD_BUFFER_FULL_STOP=1" -section_id auto_signaltap_0
set_global_assignment -name SLD_NODE_PARAMETER_ASSIGNMENT "SLD_CURRENT_RESOURCE_WIDTH=1" -section_id auto_signaltap_0
set_global_assignment -name SLD_NODE_PARAMETER_ASSIGNMENT "SLD_STORAGE_QUALIFIER_GAP_RECORD=1" -section_id auto_signaltap_0
set_global_assignment -name SLD_NODE_PARAMETER_ASSIGNMENT "SLD_STORAGE_QUALIFIER_MODE=COMBINATIONAL" -section_id auto_signaltap_0
set_global_assignment -name SLD_NODE_PARAMETER_ASSIGNMENT "SLD_INCREMENTAL_ROUTING=1" -section_id auto_signaltap_0
set_instance_assignment -name POST_FIT_CONNECT_TO_SLD_NODE_ENTITY_PORT crc[0] -to auto_signaltap_0|gnd -section_id auto_signaltap_0
set_instance_assignment -name POST_FIT_CONNECT_TO_SLD_NODE_ENTITY_PORT crc[1] -to auto_signaltap_0|gnd -section_id auto_signaltap_0
set_instance_assignment -name POST_FIT_CONNECT_TO_SLD_NODE_ENTITY_PORT crc[2] -to auto_signaltap_0|gnd -section_id auto_signaltap_0
set_instance_assignment -name POST_FIT_CONNECT_TO_SLD_NODE_ENTITY_PORT crc[3] -to auto_signaltap_0|gnd -section_id auto_signaltap_0
set_instance_assignment -name POST_FIT_CONNECT_TO_SLD_NODE_ENTITY_PORT crc[4] -to auto_signaltap_0|vcc -section_id auto_signaltap_0
set_instance_assignment -name POST_FIT_CONNECT_TO_SLD_NODE_ENTITY_PORT crc[5] -to auto_signaltap_0|gnd -section_id auto_signaltap_0
set_instance_assignment -name POST_FIT_CONNECT_TO_SLD_NODE_ENTITY_PORT crc[6] -to auto_signaltap_0|gnd -section_id auto_signaltap_0
set_instance_assignment -name POST_FIT_CONNECT_TO_SLD_NODE_ENTITY_PORT crc[7] -to auto_signaltap_0|gnd -section_id auto_signaltap_0
set_instance_assignment -name POST_FIT_CONNECT_TO_SLD_NODE_ENTITY_PORT crc[8] -to auto_signaltap_0|gnd -section_id auto_signaltap_0
set_instance_assignment -name POST_FIT_CONNECT_TO_SLD_NODE_ENTITY_PORT crc[9] -to auto_signaltap_0|vcc -section_id auto_signaltap_0
set_instance_assignment -name POST_FIT_CONNECT_TO_SLD_NODE_ENTITY_PORT crc[10] -to auto_signaltap_0|gnd -section_id auto_signaltap_0
set_instance_assignment -name POST_FIT_CONNECT_TO_SLD_NODE_ENTITY_PORT crc[11] -to auto_signaltap_0|vcc -section_id auto_signaltap_0
set_instance_assignment -name POST_FIT_CONNECT_TO_SLD_NODE_ENTITY_PORT crc[12] -to auto_signaltap_0|vcc -section_id auto_signaltap_0
set_instance_assignment -name POST_FIT_CONNECT_TO_SLD_NODE_ENTITY_PORT crc[13] -to auto_signaltap_0|vcc -section_id auto_signaltap_0
set_instance_assignment -name POST_FIT_CONNECT_TO_SLD_NODE_ENTITY_PORT crc[14] -to auto_signaltap_0|vcc -section_id auto_signaltap_0
set_instance_assignment -name POST_FIT_CONNECT_TO_SLD_NODE_ENTITY_PORT crc[15] -to auto_signaltap_0|gnd -section_id auto_signaltap_0
set_instance_assignment -name POST_FIT_CONNECT_TO_SLD_NODE_ENTITY_PORT crc[16] -to auto_signaltap_0|gnd -section_id auto_signaltap_0
set_instance_assignment -name POST_FIT_CONNECT_TO_SLD_NODE_ENTITY_PORT crc[17] -to auto_signaltap_0|vcc -section_id auto_signaltap_0
set_instance_assignment -name POST_FIT_CONNECT_TO_SLD_NODE_ENTITY_PORT crc[18] -to auto_signaltap_0|gnd -section_id auto_signaltap_0
set_instance_assignment -name POST_FIT_CONNECT_TO_SLD_NODE_ENTITY_PORT crc[19] -to auto_signaltap_0|vcc -section_id auto_signaltap_0
set_instance_assignment -name POST_FIT_CONNECT_TO_SLD_NODE_ENTITY_PORT crc[20] -to auto_signaltap_0|vcc -section_id auto_signaltap_0
set_instance_assignment -name POST_FIT_CONNECT_TO_SLD_NODE_ENTITY_PORT crc[21] -to auto_signaltap_0|vcc -section_id auto_signaltap_0
set_instance_assignment -name POST_FIT_CONNECT_TO_SLD_NODE_ENTITY_PORT crc[22] -to auto_signaltap_0|gnd -section_id auto_signaltap_0
set_instance_assignment -name POST_FIT_CONNECT_TO_SLD_NODE_ENTITY_PORT crc[23] -to auto_signaltap_0|gnd -section_id auto_signaltap_0
set_instance_assignment -name POST_FIT_CONNECT_TO_SLD_NODE_ENTITY_PORT crc[24] -to auto_signaltap_0|vcc -section_id auto_signaltap_0
set_instance_assignment -name POST_FIT_CONNECT_TO_SLD_NODE_ENTITY_PORT crc[25] -to auto_signaltap_0|vcc -section_id auto_signaltap_0
set_instance_assignment -name POST_FIT_CONNECT_TO_SLD_NODE_ENTITY_PORT crc[26] -to auto_signaltap_0|vcc -section_id auto_signaltap_0
set_instance_assignment -name POST_FIT_CONNECT_TO_SLD_NODE_ENTITY_PORT crc[27] -to auto_signaltap_0|gnd -section_id auto_signaltap_0
set_instance_assignment -name POST_FIT_CONNECT_TO_SLD_NODE_ENTITY_PORT crc[28] -to auto_signaltap_0|vcc -section_id auto_signaltap_0
set_instance_assignment -name POST_FIT_CONNECT_TO_SLD_NODE_ENTITY_PORT crc[29] -to auto_signaltap_0|gnd -section_id auto_signaltap_0
set_instance_assignment -name POST_FIT_CONNECT_TO_SLD_NODE_ENTITY_PORT crc[30] -to auto_signaltap_0|vcc -section_id auto_signaltap_0
set_instance_assignment -name POST_FIT_CONNECT_TO_SLD_NODE_ENTITY_PORT crc[31] -to auto_signaltap_0|gnd -section_id auto_signaltap_0
set_global_assignment -name SLD_NODE_PARAMETER_ASSIGNMENT "SLD_TRIGGER_LEVEL=1" -section_id auto_signaltap_0
set_global_assignment -name SLD_NODE_PARAMETER_ASSIGNMENT "SLD_SAMPLE_DEPTH=8192" -section_id auto_signaltap_0
set_global_assignment -name SLD_NODE_PARAMETER_ASSIGNMENT "SLD_TRIGGER_IN_ENABLED=0" -section_id auto_signaltap_0
set_global_assignment -name SLD_NODE_PARAMETER_ASSIGNMENT "SLD_TRIGGER_PIPELINE=0" -section_id auto_signaltap_0
set_global_assignment -name SLD_NODE_PARAMETER_ASSIGNMENT "SLD_RAM_PIPELINE=0" -section_id auto_signaltap_0
set_global_assignment -name SLD_NODE_PARAMETER_ASSIGNMENT "SLD_COUNTER_PIPELINE=0" -section_id auto_signaltap_0
set_global_assignment -name SLD_NODE_PARAMETER_ASSIGNMENT "SLD_ADVANCED_TRIGGER_ENTITY=basic,1," -section_id auto_signaltap_0
set_global_assignment -name SLD_NODE_PARAMETER_ASSIGNMENT "SLD_TRIGGER_LEVEL_PIPELINE=1" -section_id auto_signaltap_0
set_global_assignment -name SLD_NODE_PARAMETER_ASSIGNMENT "SLD_ENABLE_ADVANCED_TRIGGER=0" -section_id auto_signaltap_0
set_global_assignment -name SLD_NODE_PARAMETER_ASSIGNMENT "SLD_STORAGE_QUALIFIER_ENABLE_ADVANCED_CONDITION=0" -section_id auto_signaltap_0
set_global_assignment -name SLD_NODE_PARAMETER_ASSIGNMENT "SLD_STORAGE_QUALIFIER_PIPELINE=1" -section_id auto_signaltap_0
set_global_assignment -name SLD_NODE_PARAMETER_ASSIGNMENT "SLD_STORAGE_QUALIFIER_ADVANCED_CONDITION_ENTITY=basic,1," -section_id auto_signaltap_0
set_global_assignment -name SLD_FILE db/atapi_irq_auto_stripped.stp