# =============================================================================
# Konami System 573 - Quartus project (MiSTer / DE10-Nano, Cyclone V).
#
# Build (Quartus 17.0.2; see docs/DEPENDENCIES.md for the Colima/Docker recipe):
#   tools/apply_psx_patches.sh            # apply the psx/ EXP1 widening first
#   quartus_sh --flow compile Konami_System_573
#
# `sys/sys.tcl` (MiSTer framework) sets FAMILY/DEVICE, pulls sys.qip (which makes
# `sys_top` the real top and adds sys_top.sdc), and wires the PRE_FLOW build_id +
# the .sof->.rbf POST step. rtl/emu.sv (a clone of psx/PSX.sv with the 573 EXP1
# deltas) is the `emu` that sys_top instantiates.
# =============================================================================

set_global_assignment -name TOP_LEVEL_ENTITY sys_top
set_global_assignment -name ORIGINAL_QUARTUS_VERSION 17.0.2
set_global_assignment -name PROJECT_OUTPUT_DIRECTORY output_files

# Emit the MiSTer-loadable .rbf during assembly (upstream PSX.qsf sets this; the
# qsf bypasses sys/sys.tcl's post-flow, so wire the .rbf generation here instead).
set_global_assignment -name GENERATE_RBF_FILE ON

# The vendored PSX core is VHDL-2008 (psx_patches/0003 uses the 2008 `maximum()`);
# upstream sets this in psx/PSX.qsf. Required or the VHDL core won't analyze.
set_global_assignment -name VHDL_INPUT_VERSION VHDL_2008

# PSX_MiSTer needs the DDR3 framebuffer path (sys_top gates FB_* on this).
set_global_assignment -name VERILOG_MACRO "MISTER_FB=1"
# 1 (not 6): this Mac has 16 GB RAM and the Colima VM is 11 GB; 6 parallel synthesis
# workers OOM quartus_map on the large PSX core under Rosetta. Serial = lower peak RAM
# (slower). See docs/PHASE4_HARDWARE.md (build RAM constraint).
set_global_assignment -name NUM_PARALLEL_PROCESSORS 1

# Core RTL (573 fabric + emu.sv + the nested psx/rtl PSX core qips).
set_global_assignment -name QIP_FILE files.qip
set_global_assignment -name SEARCH_PATH rtl

# MiSTer framework: use the PSX core's OWN sys (psx/sys), NOT the repo's sys/.
# emu.sv is a clone of psx/PSX.sv, which targets the (older) Template version in
# psx/sys -- the repo's newer sys/ packs HPS_BUS differently (no fb_en/sl), which
# fails to elaborate against emu.sv. psx/sys/sys.qip is qip-path-relative so it
# resolves its own files correctly, and it provides pll_q17 (= the `pll` PSX.sv
# instantiates). Device assignments are identical between the two sys.tcl files.
set_global_assignment -name FAMILY "Cyclone V"
set_global_assignment -name DEVICE 5CSEBA6U23I7
set_global_assignment -name DEVICE_FILTER_PACKAGE UFBGA
set_global_assignment -name DEVICE_FILTER_PIN_COUNT 672
set_global_assignment -name DEVICE_FILTER_SPEED_GRADE 7
set_global_assignment -name PRE_FLOW_SCRIPT_FILE "quartus_sh:psx/sys/build_id.tcl"
set_global_assignment -name QIP_FILE psx/sys/sys.qip

set_global_assignment -name LAST_QUARTUS_VERSION "17.0.2 Lite Edition"